{
    "_meta": {
        "hash": {
            "sha256": "a72180f2fc42fa9fc4a36fe0305c965311fd142d8ba7d8184b1120b0d922dc8d"
        },
        "pipfile-spec": 6,
        "requires": {
            "python_version": "3.8.19"
        },
        "sources": [
            {
                "name": "pypi",
                "url": "https://pypi.org/simple",
                "verify_ssl": true
            }
        ]
    },
    "default": {},
    "develop": {}
}
